// !$*UTF8*$!
{
	archiveVersion = 1;
	classes = {
	};
	objectVersion = 46;
	objects = {

/* Begin PBXBuildFile section */
		303C51932650DC2DFBF14BE0 /* Pods_Homework.framework in Frameworks */ = {isa = PBXBuildFile; fileRef = F3357740562CD6C593611D1E /* Pods_Homework.framework */; };
		4234DD441D5469A900CEBA18 /* AppDelegate.swift in Sources */ = {isa = PBXBuildFile; fileRef = 4234DD431D5469A900CEBA18 /* AppDelegate.swift */; };
		4234DD491D5469A900CEBA18 /* Main.storyboard in Resources */ = {isa = PBXBuildFile; fileRef = 4234DD471D5469A900CEBA18 /* Main.storyboard */; };
		4234DD4B1D5469A900CEBA18 /* Assets.xcassets in Resources */ = {isa = PBXBuildFile; fileRef = 4234DD4A1D5469A900CEBA18 /* Assets.xcassets */; };
		4234DD4E1D5469A900CEBA18 /* LaunchScreen.storyboard in Resources */ = {isa = PBXBuildFile; fileRef = 4234DD4C1D5469A900CEBA18 /* LaunchScreen.storyboard */; };
		4234DD591D5469A900CEBA18 /* HomeworkTests.swift in Sources */ = {isa = PBXBuildFile; fileRef = 4234DD581D5469A900CEBA18 /* HomeworkTests.swift */; };
		4234DD641D5469A900CEBA18 /* HomeworkUITests.swift in Sources */ = {isa = PBXBuildFile; fileRef = 4234DD631D5469A900CEBA18 /* HomeworkUITests.swift */; };
		4234DD741D546B7000CEBA18 /* LoginViewController.swift in Sources */ = {isa = PBXBuildFile; fileRef = 4234DD731D546B7000CEBA18 /* LoginViewController.swift */; };
		4234DD771D546BCD00CEBA18 /* Result.swift in Sources */ = {isa = PBXBuildFile; fileRef = 4234DD761D546BCD00CEBA18 /* Result.swift */; };
		4234DD791D546BF800CEBA18 /* Exception.swift in Sources */ = {isa = PBXBuildFile; fileRef = 4234DD781D546BF800CEBA18 /* Exception.swift */; };
		4234DD7D1D546D0A00CEBA18 /* ProgressHud.swift in Sources */ = {isa = PBXBuildFile; fileRef = 4234DD7C1D546D0A00CEBA18 /* ProgressHud.swift */; };
		4234DD811D546D3100CEBA18 /* AlertUtils.swift in Sources */ = {isa = PBXBuildFile; fileRef = 4234DD801D546D3100CEBA18 /* AlertUtils.swift */; };
		4234DD841D546F7F00CEBA18 /* Container.swift in Sources */ = {isa = PBXBuildFile; fileRef = 4234DD831D546F7F00CEBA18 /* Container.swift */; };
		4234DD871D54720E00CEBA18 /* LocalStorageAdapter.swift in Sources */ = {isa = PBXBuildFile; fileRef = 4234DD861D54720E00CEBA18 /* LocalStorageAdapter.swift */; };
		4234DD8A1D5472C100CEBA18 /* Typealiases.swift in Sources */ = {isa = PBXBuildFile; fileRef = 4234DD891D5472C100CEBA18 /* Typealiases.swift */; };
		4234DD8D1D5473E100CEBA18 /* ServerDelegateProtocols.swift in Sources */ = {isa = PBXBuildFile; fileRef = 4234DD8C1D5473E100CEBA18 /* ServerDelegateProtocols.swift */; };
		4234DD8F1D54743800CEBA18 /* UserLoginServerResponseDelegate.swift in Sources */ = {isa = PBXBuildFile; fileRef = 4234DD8E1D54743800CEBA18 /* UserLoginServerResponseDelegate.swift */; };
		4234DD921D54747100CEBA18 /* RequestKeys.swift in Sources */ = {isa = PBXBuildFile; fileRef = 4234DD911D54747100CEBA18 /* RequestKeys.swift */; };
		4234DD941D54748300CEBA18 /* Pokemon.swift in Sources */ = {isa = PBXBuildFile; fileRef = 4234DD931D54748300CEBA18 /* Pokemon.swift */; };
		4234DD961D5474A800CEBA18 /* PokemonList.swift in Sources */ = {isa = PBXBuildFile; fileRef = 4234DD951D5474A800CEBA18 /* PokemonList.swift */; };
		4234DD981D5474BC00CEBA18 /* User.swift in Sources */ = {isa = PBXBuildFile; fileRef = 4234DD971D5474BC00CEBA18 /* User.swift */; };
		4234DD9A1D5474F100CEBA18 /* ServerRequestor.swift in Sources */ = {isa = PBXBuildFile; fileRef = 4234DD991D5474F100CEBA18 /* ServerRequestor.swift */; };
		4234DD9D1D54772B00CEBA18 /* JsonMapBuilder.swift in Sources */ = {isa = PBXBuildFile; fileRef = 4234DD9C1D54772B00CEBA18 /* JsonMapBuilder.swift */; };
		4234DDA01D547A4800CEBA18 /* Launchscreen.png in Resources */ = {isa = PBXBuildFile; fileRef = 4234DD9F1D547A4800CEBA18 /* Launchscreen.png */; };
		4234DDA61D547E7000CEBA18 /* password.png in Resources */ = {isa = PBXBuildFile; fileRef = 4234DDA51D547E6F00CEBA18 /* password.png */; };
		4234DDAB1D54841E00CEBA18 /* PokemonTableCell.swift in Sources */ = {isa = PBXBuildFile; fileRef = 4234DDAA1D54841E00CEBA18 /* PokemonTableCell.swift */; };
		4234DDAF1D548D7E00CEBA18 /* PokemonListViewController.swift in Sources */ = {isa = PBXBuildFile; fileRef = 4234DDAE1D548D7E00CEBA18 /* PokemonListViewController.swift */; };
		4234DDB11D54A35D00CEBA18 /* SinglePokemonViewController.swift in Sources */ = {isa = PBXBuildFile; fileRef = 4234DDB01D54A35D00CEBA18 /* SinglePokemonViewController.swift */; };
		4234DDB31D54A47800CEBA18 /* AsyncImageLoader.swift in Sources */ = {isa = PBXBuildFile; fileRef = 4234DDB21D54A47800CEBA18 /* AsyncImageLoader.swift */; };
		623F3B2EA7A5E842E1F369FB /* Pods_HomeworkUITests.framework in Frameworks */ = {isa = PBXBuildFile; fileRef = 3860BEE453FF3D846B82DAFC /* Pods_HomeworkUITests.framework */; };
		8EBB942B1D5E1F3B0098B41A /* CommentViewController.swift in Sources */ = {isa = PBXBuildFile; fileRef = 8EBB942A1D5E1F3B0098B41A /* CommentViewController.swift */; };
		8EBB942D1D5E20240098B41A /* CommentTableCell.swift in Sources */ = {isa = PBXBuildFile; fileRef = 8EBB942C1D5E20240098B41A /* CommentTableCell.swift */; };
		8EBB942F1D5E21840098B41A /* Comment.swift in Sources */ = {isa = PBXBuildFile; fileRef = 8EBB942E1D5E21840098B41A /* Comment.swift */; };
		8EBB94311D5E22F60098B41A /* CommentList.swift in Sources */ = {isa = PBXBuildFile; fileRef = 8EBB94301D5E22F60098B41A /* CommentList.swift */; };
		8EBB94341D5E35D20098B41A /* PostCommentTableCell.swift in Sources */ = {isa = PBXBuildFile; fileRef = 8EBB94331D5E35D20098B41A /* PostCommentTableCell.swift */; };
		C27E372A94B259DA310FD615 /* Pods_HomeworkTests.framework in Frameworks */ = {isa = PBXBuildFile; fileRef = 22ABFD6E8E80A253684177AF /* Pods_HomeworkTests.framework */; };
/* End PBXBuildFile section */

/* Begin PBXContainerItemProxy section */
		4234DD551D5469A900CEBA18 /* PBXContainerItemProxy */ = {
			isa = PBXContainerItemProxy;
			containerPortal = 4234DD381D5469A900CEBA18 /* Project object */;
			proxyType = 1;
			remoteGlobalIDString = 4234DD3F1D5469A900CEBA18;
			remoteInfo = Homework;
		};
		4234DD601D5469A900CEBA18 /* PBXContainerItemProxy */ = {
			isa = PBXContainerItemProxy;
			containerPortal = 4234DD381D5469A900CEBA18 /* Project object */;
			proxyType = 1;
			remoteGlobalIDString = 4234DD3F1D5469A900CEBA18;
			remoteInfo = Homework;
		};
/* End PBXContainerItemProxy section */

/* Begin PBXFileReference section */
		22ABFD6E8E80A253684177AF /* Pods_HomeworkTests.framework */ = {isa = PBXFileReference; explicitFileType = wrapper.framework; includeInIndex = 0; path = Pods_HomeworkTests.framework; sourceTree = BUILT_PRODUCTS_DIR; };
		3860BEE453FF3D846B82DAFC /* Pods_HomeworkUITests.framework */ = {isa = PBXFileReference; explicitFileType = wrapper.framework; includeInIndex = 0; path = Pods_HomeworkUITests.framework; sourceTree = BUILT_PRODUCTS_DIR; };
		4234DD401D5469A900CEBA18 /* Homework.app */ = {isa = PBXFileReference; explicitFileType = wrapper.application; includeInIndex = 0; path = Homework.app; sourceTree = BUILT_PRODUCTS_DIR; };
		4234DD431D5469A900CEBA18 /* AppDelegate.swift */ = {isa = PBXFileReference; lastKnownFileType = sourcecode.swift; path = AppDelegate.swift; sourceTree = "<group>"; };
		4234DD481D5469A900CEBA18 /* Base */ = {isa = PBXFileReference; lastKnownFileType = file.storyboard; name = Base; path = Base.lproj/Main.storyboard; sourceTree = "<group>"; };
		4234DD4A1D5469A900CEBA18 /* Assets.xcassets */ = {isa = PBXFileReference; lastKnownFileType = folder.assetcatalog; path = Assets.xcassets; sourceTree = "<group>"; };
		4234DD4D1D5469A900CEBA18 /* Base */ = {isa = PBXFileReference; lastKnownFileType = file.storyboard; name = Base; path = Base.lproj/LaunchScreen.storyboard; sourceTree = "<group>"; };
		4234DD4F1D5469A900CEBA18 /* Info.plist */ = {isa = PBXFileReference; lastKnownFileType = text.plist.xml; path = Info.plist; sourceTree = "<group>"; };
		4234DD541D5469A900CEBA18 /* HomeworkTests.xctest */ = {isa = PBXFileReference; explicitFileType = wrapper.cfbundle; includeInIndex = 0; path = HomeworkTests.xctest; sourceTree = BUILT_PRODUCTS_DIR; };
		4234DD581D5469A900CEBA18 /* HomeworkTests.swift */ = {isa = PBXFileReference; lastKnownFileType = sourcecode.swift; path = HomeworkTests.swift; sourceTree = "<group>"; };
		4234DD5A1D5469A900CEBA18 /* Info.plist */ = {isa = PBXFileReference; lastKnownFileType = text.plist.xml; path = Info.plist; sourceTree = "<group>"; };
		4234DD5F1D5469A900CEBA18 /* HomeworkUITests.xctest */ = {isa = PBXFileReference; explicitFileType = wrapper.cfbundle; includeInIndex = 0; path = HomeworkUITests.xctest; sourceTree = BUILT_PRODUCTS_DIR; };
		4234DD631D5469A900CEBA18 /* HomeworkUITests.swift */ = {isa = PBXFileReference; lastKnownFileType = sourcecode.swift; path = HomeworkUITests.swift; sourceTree = "<group>"; };
		4234DD651D5469A900CEBA18 /* Info.plist */ = {isa = PBXFileReference; lastKnownFileType = text.plist.xml; path = Info.plist; sourceTree = "<group>"; };
		4234DD731D546B7000CEBA18 /* LoginViewController.swift */ = {isa = PBXFileReference; fileEncoding = 4; lastKnownFileType = sourcecode.swift; path = LoginViewController.swift; sourceTree = "<group>"; };
		4234DD761D546BCD00CEBA18 /* Result.swift */ = {isa = PBXFileReference; fileEncoding = 4; lastKnownFileType = sourcecode.swift; path = Result.swift; sourceTree = "<group>"; };
		4234DD781D546BF800CEBA18 /* Exception.swift */ = {isa = PBXFileReference; fileEncoding = 4; lastKnownFileType = sourcecode.swift; path = Exception.swift; sourceTree = "<group>"; };
		4234DD7C1D546D0A00CEBA18 /* ProgressHud.swift */ = {isa = PBXFileReference; fileEncoding = 4; lastKnownFileType = sourcecode.swift; path = ProgressHud.swift; sourceTree = "<group>"; };
		4234DD801D546D3100CEBA18 /* AlertUtils.swift */ = {isa = PBXFileReference; fileEncoding = 4; lastKnownFileType = sourcecode.swift; path = AlertUtils.swift; sourceTree = "<group>"; };
		4234DD831D546F7F00CEBA18 /* Container.swift */ = {isa = PBXFileReference; fileEncoding = 4; lastKnownFileType = sourcecode.swift; path = Container.swift; sourceTree = "<group>"; };
		4234DD861D54720E00CEBA18 /* LocalStorageAdapter.swift */ = {isa = PBXFileReference; fileEncoding = 4; lastKnownFileType = sourcecode.swift; path = LocalStorageAdapter.swift; sourceTree = "<group>"; };
		4234DD891D5472C100CEBA18 /* Typealiases.swift */ = {isa = PBXFileReference; fileEncoding = 4; lastKnownFileType = sourcecode.swift; path = Typealiases.swift; sourceTree = "<group>"; };
		4234DD8C1D5473E100CEBA18 /* ServerDelegateProtocols.swift */ = {isa = PBXFileReference; fileEncoding = 4; lastKnownFileType = sourcecode.swift; path = ServerDelegateProtocols.swift; sourceTree = "<group>"; };
		4234DD8E1D54743800CEBA18 /* UserLoginServerResponseDelegate.swift */ = {isa = PBXFileReference; fileEncoding = 4; lastKnownFileType = sourcecode.swift; path = UserLoginServerResponseDelegate.swift; sourceTree = "<group>"; };
		4234DD911D54747100CEBA18 /* RequestKeys.swift */ = {isa = PBXFileReference; fileEncoding = 4; lastKnownFileType = sourcecode.swift; path = RequestKeys.swift; sourceTree = "<group>"; };
		4234DD931D54748300CEBA18 /* Pokemon.swift */ = {isa = PBXFileReference; fileEncoding = 4; lastKnownFileType = sourcecode.swift; path = Pokemon.swift; sourceTree = "<group>"; };
		4234DD951D5474A800CEBA18 /* PokemonList.swift */ = {isa = PBXFileReference; fileEncoding = 4; lastKnownFileType = sourcecode.swift; path = PokemonList.swift; sourceTree = "<group>"; };
		4234DD971D5474BC00CEBA18 /* User.swift */ = {isa = PBXFileReference; fileEncoding = 4; lastKnownFileType = sourcecode.swift; path = User.swift; sourceTree = "<group>"; };
		4234DD991D5474F100CEBA18 /* ServerRequestor.swift */ = {isa = PBXFileReference; fileEncoding = 4; lastKnownFileType = sourcecode.swift; path = ServerRequestor.swift; sourceTree = "<group>"; };
		4234DD9C1D54772B00CEBA18 /* JsonMapBuilder.swift */ = {isa = PBXFileReference; fileEncoding = 4; lastKnownFileType = sourcecode.swift; path = JsonMapBuilder.swift; sourceTree = "<group>"; };
		4234DD9F1D547A4800CEBA18 /* Launchscreen.png */ = {isa = PBXFileReference; lastKnownFileType = image.png; path = Launchscreen.png; sourceTree = "<group>"; };
		4234DDA51D547E6F00CEBA18 /* password.png */ = {isa = PBXFileReference; lastKnownFileType = image.png; path = password.png; sourceTree = "<group>"; };
		4234DDAA1D54841E00CEBA18 /* PokemonTableCell.swift */ = {isa = PBXFileReference; fileEncoding = 4; lastKnownFileType = sourcecode.swift; path = PokemonTableCell.swift; sourceTree = "<group>"; };
		4234DDAE1D548D7E00CEBA18 /* PokemonListViewController.swift */ = {isa = PBXFileReference; fileEncoding = 4; lastKnownFileType = sourcecode.swift; path = PokemonListViewController.swift; sourceTree = "<group>"; };
		4234DDB01D54A35D00CEBA18 /* SinglePokemonViewController.swift */ = {isa = PBXFileReference; fileEncoding = 4; lastKnownFileType = sourcecode.swift; path = SinglePokemonViewController.swift; sourceTree = "<group>"; };
		4234DDB21D54A47800CEBA18 /* AsyncImageLoader.swift */ = {isa = PBXFileReference; fileEncoding = 4; lastKnownFileType = sourcecode.swift; path = AsyncImageLoader.swift; sourceTree = "<group>"; };
		8EBB942A1D5E1F3B0098B41A /* CommentViewController.swift */ = {isa = PBXFileReference; fileEncoding = 4; lastKnownFileType = sourcecode.swift; path = CommentViewController.swift; sourceTree = "<group>"; };
		8EBB942C1D5E20240098B41A /* CommentTableCell.swift */ = {isa = PBXFileReference; fileEncoding = 4; lastKnownFileType = sourcecode.swift; path = CommentTableCell.swift; sourceTree = "<group>"; };
		8EBB942E1D5E21840098B41A /* Comment.swift */ = {isa = PBXFileReference; fileEncoding = 4; lastKnownFileType = sourcecode.swift; path = Comment.swift; sourceTree = "<group>"; };
		8EBB94301D5E22F60098B41A /* CommentList.swift */ = {isa = PBXFileReference; fileEncoding = 4; lastKnownFileType = sourcecode.swift; path = CommentList.swift; sourceTree = "<group>"; };
		8EBB94331D5E35D20098B41A /* PostCommentTableCell.swift */ = {isa = PBXFileReference; fileEncoding = 4; lastKnownFileType = sourcecode.swift; path = PostCommentTableCell.swift; sourceTree = "<group>"; };
		B24D32D3AC143C6C3664D8E9 /* Pods-Homework.release.xcconfig */ = {isa = PBXFileReference; includeInIndex = 1; lastKnownFileType = text.xcconfig; name = "Pods-Homework.release.xcconfig"; path = "Pods/Target Support Files/Pods-Homework/Pods-Homework.release.xcconfig"; sourceTree = "<group>"; };
		BB2BB73FEB52175A0A90E7FC /* Pods-HomeworkTests.release.xcconfig */ = {isa = PBXFileReference; includeInIndex = 1; lastKnownFileType = text.xcconfig; name = "Pods-HomeworkTests.release.xcconfig"; path = "Pods/Target Support Files/Pods-HomeworkTests/Pods-HomeworkTests.release.xcconfig"; sourceTree = "<group>"; };
		C936BF2C91978BD45140DBB0 /* Pods-Homework.debug.xcconfig */ = {isa = PBXFileReference; includeInIndex = 1; lastKnownFileType = text.xcconfig; name = "Pods-Homework.debug.xcconfig"; path = "Pods/Target Support Files/Pods-Homework/Pods-Homework.debug.xcconfig"; sourceTree = "<group>"; };
		CDC67AB05B712D4D51CBB25E /* Pods-HomeworkUITests.release.xcconfig */ = {isa = PBXFileReference; includeInIndex = 1; lastKnownFileType = text.xcconfig; name = "Pods-HomeworkUITests.release.xcconfig"; path = "Pods/Target Support Files/Pods-HomeworkUITests/Pods-HomeworkUITests.release.xcconfig"; sourceTree = "<group>"; };
		E2317D95632F5F6C5D06AD54 /* Pods-HomeworkTests.debug.xcconfig */ = {isa = PBXFileReference; includeInIndex = 1; lastKnownFileType = text.xcconfig; name = "Pods-HomeworkTests.debug.xcconfig"; path = "Pods/Target Support Files/Pods-HomeworkTests/Pods-HomeworkTests.debug.xcconfig"; sourceTree = "<group>"; };
		E2741D949C746680ECC1CBCB /* Pods-HomeworkUITests.debug.xcconfig */ = {isa = PBXFileReference; includeInIndex = 1; lastKnownFileType = text.xcconfig; name = "Pods-HomeworkUITests.debug.xcconfig"; path = "Pods/Target Support Files/Pods-HomeworkUITests/Pods-HomeworkUITests.debug.xcconfig"; sourceTree = "<group>"; };
		F3357740562CD6C593611D1E /* Pods_Homework.framework */ = {isa = PBXFileReference; explicitFileType = wrapper.framework; includeInIndex = 0; path = Pods_Homework.framework; sourceTree = BUILT_PRODUCTS_DIR; };
/* End PBXFileReference section */

/* Begin PBXFrameworksBuildPhase section */
		4234DD3D1D5469A900CEBA18 /* Frameworks */ = {
			isa = PBXFrameworksBuildPhase;
			buildActionMask = 2147483647;
			files = (
				303C51932650DC2DFBF14BE0 /* Pods_Homework.framework in Frameworks */,
			);
			runOnlyForDeploymentPostprocessing = 0;
		};
		4234DD511D5469A900CEBA18 /* Frameworks */ = {
			isa = PBXFrameworksBuildPhase;
			buildActionMask = 2147483647;
			files = (
				C27E372A94B259DA310FD615 /* Pods_HomeworkTests.framework in Frameworks */,
			);
			runOnlyForDeploymentPostprocessing = 0;
		};
		4234DD5C1D5469A900CEBA18 /* Frameworks */ = {
			isa = PBXFrameworksBuildPhase;
			buildActionMask = 2147483647;
			files = (
				623F3B2EA7A5E842E1F369FB /* Pods_HomeworkUITests.framework in Frameworks */,
			);
			runOnlyForDeploymentPostprocessing = 0;
		};
/* End PBXFrameworksBuildPhase section */

/* Begin PBXGroup section */
		2CD486E7D2A2686B4B93F989 /* Pods */ = {
			isa = PBXGroup;
			children = (
				C936BF2C91978BD45140DBB0 /* Pods-Homework.debug.xcconfig */,
				B24D32D3AC143C6C3664D8E9 /* Pods-Homework.release.xcconfig */,
				E2317D95632F5F6C5D06AD54 /* Pods-HomeworkTests.debug.xcconfig */,
				BB2BB73FEB52175A0A90E7FC /* Pods-HomeworkTests.release.xcconfig */,
				E2741D949C746680ECC1CBCB /* Pods-HomeworkUITests.debug.xcconfig */,
				CDC67AB05B712D4D51CBB25E /* Pods-HomeworkUITests.release.xcconfig */,
			);
			name = Pods;
			sourceTree = "<group>";
		};
		4234DD371D5469A900CEBA18 = {
			isa = PBXGroup;
			children = (
				4234DD421D5469A900CEBA18 /* Homework */,
				4234DD571D5469A900CEBA18 /* HomeworkTests */,
				4234DD621D5469A900CEBA18 /* HomeworkUITests */,
				4234DD411D5469A900CEBA18 /* Products */,
				2CD486E7D2A2686B4B93F989 /* Pods */,
				81FBD33860963BCA4BCA3D3F /* Frameworks */,
			);
			sourceTree = "<group>";
		};
		4234DD411D5469A900CEBA18 /* Products */ = {
			isa = PBXGroup;
			children = (
				4234DD401D5469A900CEBA18 /* Homework.app */,
				4234DD541D5469A900CEBA18 /* HomeworkTests.xctest */,
				4234DD5F1D5469A900CEBA18 /* HomeworkUITests.xctest */,
			);
			name = Products;
			sourceTree = "<group>";
		};
		4234DD421D5469A900CEBA18 /* Homework */ = {
			isa = PBXGroup;
			children = (
				4234DDA71D5483BE00CEBA18 /* ControllerToServerPokemonFrontend */,
				4234DD9E1D547A0100CEBA18 /* Resources */,
				4234DD881D5472B200CEBA18 /* Common */,
				4234DD8B1D5473D000CEBA18 /* ServerRequest */,
				4234DD851D54720400CEBA18 /* Storage */,
				4234DD821D546F6A00CEBA18 /* Dependency Injection */,
				4234DD7B1D546CF700CEBA18 /* Alerting */,
				4234DD7A1D546C2200CEBA18 /* ControllerToServerUserFrontend */,
				4234DD751D546BBD00CEBA18 /* Exception */,
				4234DD431D5469A900CEBA18 /* AppDelegate.swift */,
				4234DD471D5469A900CEBA18 /* Main.storyboard */,
				4234DD4A1D5469A900CEBA18 /* Assets.xcassets */,
				4234DD4C1D5469A900CEBA18 /* LaunchScreen.storyboard */,
				4234DD4F1D5469A900CEBA18 /* Info.plist */,
			);
			path = Homework;
			sourceTree = "<group>";
		};
		4234DD571D5469A900CEBA18 /* HomeworkTests */ = {
			isa = PBXGroup;
			children = (
				4234DD581D5469A900CEBA18 /* HomeworkTests.swift */,
				4234DD5A1D5469A900CEBA18 /* Info.plist */,
			);
			path = HomeworkTests;
			sourceTree = "<group>";
		};
		4234DD621D5469A900CEBA18 /* HomeworkUITests */ = {
			isa = PBXGroup;
			children = (
				4234DD631D5469A900CEBA18 /* HomeworkUITests.swift */,
				4234DD651D5469A900CEBA18 /* Info.plist */,
			);
			path = HomeworkUITests;
			sourceTree = "<group>";
		};
		4234DD751D546BBD00CEBA18 /* Exception */ = {
			isa = PBXGroup;
			children = (
				4234DD761D546BCD00CEBA18 /* Result.swift */,
				4234DD781D546BF800CEBA18 /* Exception.swift */,
			);
			name = Exception;
			sourceTree = "<group>";
		};
		4234DD7A1D546C2200CEBA18 /* ControllerToServerUserFrontend */ = {
			isa = PBXGroup;
			children = (
				8EBB94321D5E233B0098B41A /* Comments */,
				4234DD731D546B7000CEBA18 /* LoginViewController.swift */,
			);
			name = ControllerToServerUserFrontend;
			sourceTree = "<group>";
		};
		4234DD7B1D546CF700CEBA18 /* Alerting */ = {
			isa = PBXGroup;
			children = (
				4234DD7C1D546D0A00CEBA18 /* ProgressHud.swift */,
				4234DD801D546D3100CEBA18 /* AlertUtils.swift */,
			);
			name = Alerting;
			sourceTree = "<group>";
		};
		4234DD821D546F6A00CEBA18 /* Dependency Injection */ = {
			isa = PBXGroup;
			children = (
				4234DD831D546F7F00CEBA18 /* Container.swift */,
			);
			name = "Dependency Injection";
			sourceTree = "<group>";
		};
		4234DD851D54720400CEBA18 /* Storage */ = {
			isa = PBXGroup;
			children = (
				4234DD861D54720E00CEBA18 /* LocalStorageAdapter.swift */,
			);
			name = Storage;
			sourceTree = "<group>";
		};
		4234DD881D5472B200CEBA18 /* Common */ = {
			isa = PBXGroup;
			children = (
				4234DD891D5472C100CEBA18 /* Typealiases.swift */,
			);
			name = Common;
			sourceTree = "<group>";
		};
		4234DD8B1D5473D000CEBA18 /* ServerRequest */ = {
			isa = PBXGroup;
			children = (
				4234DD9B1D54772100CEBA18 /* Serialization */,
				4234DD901D54746200CEBA18 /* Model */,
				4234DD8C1D5473E100CEBA18 /* ServerDelegateProtocols.swift */,
				4234DD8E1D54743800CEBA18 /* UserLoginServerResponseDelegate.swift */,
				4234DD991D5474F100CEBA18 /* ServerRequestor.swift */,
				4234DDB21D54A47800CEBA18 /* AsyncImageLoader.swift */,
			);
			name = ServerRequest;
			sourceTree = "<group>";
		};
		4234DD901D54746200CEBA18 /* Model */ = {
			isa = PBXGroup;
			children = (
				4234DD911D54747100CEBA18 /* RequestKeys.swift */,
				4234DD931D54748300CEBA18 /* Pokemon.swift */,
				4234DD951D5474A800CEBA18 /* PokemonList.swift */,
				8EBB942E1D5E21840098B41A /* Comment.swift */,
				8EBB94301D5E22F60098B41A /* CommentList.swift */,
				4234DD971D5474BC00CEBA18 /* User.swift */,
			);
			name = Model;
			sourceTree = "<group>";
		};
		4234DD9B1D54772100CEBA18 /* Serialization */ = {
			isa = PBXGroup;
			children = (
				4234DD9C1D54772B00CEBA18 /* JsonMapBuilder.swift */,
			);
			name = Serialization;
			sourceTree = "<group>";
		};
		4234DD9E1D547A0100CEBA18 /* Resources */ = {
			isa = PBXGroup;
			children = (
				4234DDA51D547E6F00CEBA18 /* password.png */,
				4234DD9F1D547A4800CEBA18 /* Launchscreen.png */,
			);
			name = Resources;
			sourceTree = "<group>";
		};
		4234DDA71D5483BE00CEBA18 /* ControllerToServerPokemonFrontend */ = {
			isa = PBXGroup;
			children = (
				4234DDB91D54B51600CEBA18 /* ListPokemons */,
				8EBB94251D5D1CB10098B41A /* SinglePokemon */,
			);
			name = ControllerToServerPokemonFrontend;
			sourceTree = "<group>";
		};
		4234DDB91D54B51600CEBA18 /* ListPokemons */ = {
			isa = PBXGroup;
			children = (
				4234DDAA1D54841E00CEBA18 /* PokemonTableCell.swift */,
				4234DDAE1D548D7E00CEBA18 /* PokemonListViewController.swift */,
			);
			name = ListPokemons;
			sourceTree = "<group>";
		};
		81FBD33860963BCA4BCA3D3F /* Frameworks */ = {
			isa = PBXGroup;
			children = (
				F3357740562CD6C593611D1E /* Pods_Homework.framework */,
				22ABFD6E8E80A253684177AF /* Pods_HomeworkTests.framework */,
				3860BEE453FF3D846B82DAFC /* Pods_HomeworkUITests.framework */,
			);
			name = Frameworks;
			sourceTree = "<group>";
		};
		8EBB94251D5D1CB10098B41A /* SinglePokemon */ = {
			isa = PBXGroup;
			children = (
				4234DDB01D54A35D00CEBA18 /* SinglePokemonViewController.swift */,
			);
			name = SinglePokemon;
			sourceTree = "<group>";
		};
		8EBB94321D5E233B0098B41A /* Comments */ = {
			isa = PBXGroup;
			children = (
				8EBB942A1D5E1F3B0098B41A /* CommentViewController.swift */,
				8EBB942C1D5E20240098B41A /* CommentTableCell.swift */,
				8EBB94331D5E35D20098B41A /* PostCommentTableCell.swift */,
			);
			name = Comments;
			sourceTree = "<group>";
		};
/* End PBXGroup section */

/* Begin PBXNativeTarget section */
		4234DD3F1D5469A900CEBA18 /* Homework */ = {
			isa = PBXNativeTarget;
			buildConfigurationList = 4234DD681D5469A900CEBA18 /* Build configuration list for PBXNativeTarget "Homework" */;
			buildPhases = (
				0617C7D006CCB8F19F8A7462 /* [CP] Check Pods Manifest.lock */,
				4234DD3C1D5469A900CEBA18 /* Sources */,
				4234DD3D1D5469A900CEBA18 /* Frameworks */,
				4234DD3E1D5469A900CEBA18 /* Resources */,
				803DFC1D2D9DA8E68D53A24F /* [CP] Embed Pods Frameworks */,
				98ADEA12DB464EC0547A9414 /* [CP] Copy Pods Resources */,
			);
			buildRules = (
			);
			dependencies = (
			);
			name = Homework;
			productName = Homework;
			productReference = 4234DD401D5469A900CEBA18 /* Homework.app */;
			productType = "com.apple.product-type.application";
		};
		4234DD531D5469A900CEBA18 /* HomeworkTests */ = {
			isa = PBXNativeTarget;
			buildConfigurationList = 4234DD6B1D5469A900CEBA18 /* Build configuration list for PBXNativeTarget "HomeworkTests" */;
			buildPhases = (
				D060D6D593E3B92B41777B15 /* [CP] Check Pods Manifest.lock */,
				4234DD501D5469A900CEBA18 /* Sources */,
				4234DD511D5469A900CEBA18 /* Frameworks */,
				4234DD521D5469A900CEBA18 /* Resources */,
				13B4281313C7677DE8897DB8 /* [CP] Embed Pods Frameworks */,
				9EF2ECDD4DB25FC3DD674BB0 /* [CP] Copy Pods Resources */,
			);
			buildRules = (
			);
			dependencies = (
				4234DD561D5469A900CEBA18 /* PBXTargetDependency */,
			);
			name = HomeworkTests;
			productName = HomeworkTests;
			productReference = 4234DD541D5469A900CEBA18 /* HomeworkTests.xctest */;
			productType = "com.apple.product-type.bundle.unit-test";
		};
		4234DD5E1D5469A900CEBA18 /* HomeworkUITests */ = {
			isa = PBXNativeTarget;
			buildConfigurationList = 4234DD6E1D5469A900CEBA18 /* Build configuration list for PBXNativeTarget "HomeworkUITests" */;
			buildPhases = (
				8B73090D8EDF0EAD835196C5 /* [CP] Check Pods Manifest.lock */,
				4234DD5B1D5469A900CEBA18 /* Sources */,
				4234DD5C1D5469A900CEBA18 /* Frameworks */,
				4234DD5D1D5469A900CEBA18 /* Resources */,
				1F9AC29BFDFFC88663F134C7 /* [CP] Copy Pods Resources */,
			);
			buildRules = (
			);
			dependencies = (
				4234DD611D5469A900CEBA18 /* PBXTargetDependency */,
			);
			name = HomeworkUITests;
			productName = HomeworkUITests;
			productReference = 4234DD5F1D5469A900CEBA18 /* HomeworkUITests.xctest */;
			productType = "com.apple.product-type.bundle.ui-testing";
		};
/* End PBXNativeTarget section */

/* Begin PBXProject section */
		4234DD381D5469A900CEBA18 /* Project object */ = {
			isa = PBXProject;
			attributes = {
				LastSwiftUpdateCheck = 0730;
				LastUpgradeCheck = 0730;
				ORGANIZATIONNAME = Infinum;
				TargetAttributes = {
					4234DD3F1D5469A900CEBA18 = {
						CreatedOnToolsVersion = 7.3.1;
					};
					4234DD531D5469A900CEBA18 = {
						CreatedOnToolsVersion = 7.3.1;
						TestTargetID = 4234DD3F1D5469A900CEBA18;
					};
					4234DD5E1D5469A900CEBA18 = {
						CreatedOnToolsVersion = 7.3.1;
						TestTargetID = 4234DD3F1D5469A900CEBA18;
					};
				};
			};
			buildConfigurationList = 4234DD3B1D5469A900CEBA18 /* Build configuration list for PBXProject "Homework" */;
			compatibilityVersion = "Xcode 3.2";
			developmentRegion = English;
			hasScannedForEncodings = 0;
			knownRegions = (
				en,
				Base,
			);
			mainGroup = 4234DD371D5469A900CEBA18;
			productRefGroup = 4234DD411D5469A900CEBA18 /* Products */;
			projectDirPath = "";
			projectRoot = "";
			targets = (
				4234DD3F1D5469A900CEBA18 /* Homework */,
				4234DD531D5469A900CEBA18 /* HomeworkTests */,
				4234DD5E1D5469A900CEBA18 /* HomeworkUITests */,
			);
		};
/* End PBXProject section */

/* Begin PBXResourcesBuildPhase section */
		4234DD3E1D5469A900CEBA18 /* Resources */ = {
			isa = PBXResourcesBuildPhase;
			buildActionMask = 2147483647;
			files = (
				4234DDA01D547A4800CEBA18 /* Launchscreen.png in Resources */,
				4234DD4E1D5469A900CEBA18 /* LaunchScreen.storyboard in Resources */,
				4234DDA61D547E7000CEBA18 /* password.png in Resources */,
				4234DD4B1D5469A900CEBA18 /* Assets.xcassets in Resources */,
				4234DD491D5469A900CEBA18 /* Main.storyboard in Resources */,
			);
			runOnlyForDeploymentPostprocessing = 0;
		};
		4234DD521D5469A900CEBA18 /* Resources */ = {
			isa = PBXResourcesBuildPhase;
			buildActionMask = 2147483647;
			files = (
			);
			runOnlyForDeploymentPostprocessing = 0;
		};
		4234DD5D1D5469A900CEBA18 /* Resources */ = {
			isa = PBXResourcesBuildPhase;
			buildActionMask = 2147483647;
			files = (
			);
			runOnlyForDeploymentPostprocessing = 0;
		};
/* End PBXResourcesBuildPhase section */

/* Begin PBXShellScriptBuildPhase section */
		0617C7D006CCB8F19F8A7462 /* [CP] Check Pods Manifest.lock */ = {
			isa = PBXShellScriptBuildPhase;
			buildActionMask = 2147483647;
			files = (
			);
			inputPaths = (
			);
			name = "[CP] Check Pods Manifest.lock";
			outputPaths = (
			);
			runOnlyForDeploymentPostprocessing = 0;
			shellPath = /bin/sh;
			shellScript = "diff \"${PODS_ROOT}/../Podfile.lock\" \"${PODS_ROOT}/Manifest.lock\" > /dev/null\nif [[ $? != 0 ]] ; then\n    cat << EOM\nerror: The sandbox is not in sync with the Podfile.lock. Run 'pod install' or update your CocoaPods installation.\nEOM\n    exit 1\nfi\n";
			showEnvVarsInLog = 0;
		};
		13B4281313C7677DE8897DB8 /* [CP] Embed Pods Frameworks */ = {
			isa = PBXShellScriptBuildPhase;
			buildActionMask = 2147483647;
			files = (
			);
			inputPaths = (
			);
			name = "[CP] Embed Pods Frameworks";
			outputPaths = (
			);
			runOnlyForDeploymentPostprocessing = 0;
			shellPath = /bin/sh;
			shellScript = "\"${SRCROOT}/Pods/Target Support Files/Pods-HomeworkTests/Pods-HomeworkTests-frameworks.sh\"\n";
			showEnvVarsInLog = 0;
		};
		1F9AC29BFDFFC88663F134C7 /* [CP] Copy Pods Resources */ = {
			isa = PBXShellScriptBuildPhase;
			buildActionMask = 2147483647;
			files = (
			);
			inputPaths = (
			);
			name = "[CP] Copy Pods Resources";
			outputPaths = (
			);
			runOnlyForDeploymentPostprocessing = 0;
			shellPath = /bin/sh;
			shellScript = "\"${SRCROOT}/Pods/Target Support Files/Pods-HomeworkUITests/Pods-HomeworkUITests-resources.sh\"\n";
			showEnvVarsInLog = 0;
		};
		803DFC1D2D9DA8E68D53A24F /* [CP] Embed Pods Frameworks */ = {
			isa = PBXShellScriptBuildPhase;
			buildActionMask = 2147483647;
			files = (
			);
			inputPaths = (
			);
			name = "[CP] Embed Pods Frameworks";
			outputPaths = (
			);
			runOnlyForDeploymentPostprocessing = 0;
			shellPath = /bin/sh;
			shellScript = "\"${SRCROOT}/Pods/Target Support Files/Pods-Homework/Pods-Homework-frameworks.sh\"\n";
			showEnvVarsInLog = 0;
		};
		8B73090D8EDF0EAD835196C5 /* [CP] Check Pods Manifest.lock */ = {
			isa = PBXShellScriptBuildPhase;
			buildActionMask = 2147483647;
			files = (
			);
			inputPaths = (
			);
			name = "[CP] Check Pods Manifest.lock";
			outputPaths = (
			);
			runOnlyForDeploymentPostprocessing = 0;
			shellPath = /bin/sh;
			shellScript = "diff \"${PODS_ROOT}/../Podfile.lock\" \"${PODS_ROOT}/Manifest.lock\" > /dev/null\nif [[ $? != 0 ]] ; then\n    cat << EOM\nerror: The sandbox is not in sync with the Podfile.lock. Run 'pod install' or update your CocoaPods installation.\nEOM\n    exit 1\nfi\n";
			showEnvVarsInLog = 0;
		};
		98ADEA12DB464EC0547A9414 /* [CP] Copy Pods Resources */ = {
			isa = PBXShellScriptBuildPhase;
			buildActionMask = 2147483647;
			files = (
			);
			inputPaths = (
			);
			name = "[CP] Copy Pods Resources";
			outputPaths = (
			);
			runOnlyForDeploymentPostprocessing = 0;
			shellPath = /bin/sh;
			shellScript = "\"${SRCROOT}/Pods/Target Support Files/Pods-Homework/Pods-Homework-resources.sh\"\n";
			showEnvVarsInLog = 0;
		};
		9EF2ECDD4DB25FC3DD674BB0 /* [CP] Copy Pods Resources */ = {
			isa = PBXShellScriptBuildPhase;
			buildActionMask = 2147483647;
			files = (
			);
			inputPaths = (
			);
			name = "[CP] Copy Pods Resources";
			outputPaths = (
			);
			runOnlyForDeploymentPostprocessing = 0;
			shellPath = /bin/sh;
			shellScript = "\"${SRCROOT}/Pods/Target Support Files/Pods-HomeworkTests/Pods-HomeworkTests-resources.sh\"\n";
			showEnvVarsInLog = 0;
		};
		D060D6D593E3B92B41777B15 /* [CP] Check Pods Manifest.lock */ = {
			isa = PBXShellScriptBuildPhase;
			buildActionMask = 2147483647;
			files = (
			);
			inputPaths = (
			);
			name = "[CP] Check Pods Manifest.lock";
			outputPaths = (
			);
			runOnlyForDeploymentPostprocessing = 0;
			shellPath = /bin/sh;
			shellScript = "diff \"${PODS_ROOT}/../Podfile.lock\" \"${PODS_ROOT}/Manifest.lock\" > /dev/null\nif [[ $? != 0 ]] ; then\n    cat << EOM\nerror: The sandbox is not in sync with the Podfile.lock. Run 'pod install' or update your CocoaPods installation.\nEOM\n    exit 1\nfi\n";
			showEnvVarsInLog = 0;
		};
/* End PBXShellScriptBuildPhase section */

/* Begin PBXSourcesBuildPhase section */
		4234DD3C1D5469A900CEBA18 /* Sources */ = {
			isa = PBXSourcesBuildPhase;
			buildActionMask = 2147483647;
			files = (
				4234DD771D546BCD00CEBA18 /* Result.swift in Sources */,
				4234DD9A1D5474F100CEBA18 /* ServerRequestor.swift in Sources */,
				4234DD7D1D546D0A00CEBA18 /* ProgressHud.swift in Sources */,
				4234DD811D546D3100CEBA18 /* AlertUtils.swift in Sources */,
				8EBB94311D5E22F60098B41A /* CommentList.swift in Sources */,
				4234DD791D546BF800CEBA18 /* Exception.swift in Sources */,
				4234DD841D546F7F00CEBA18 /* Container.swift in Sources */,
				4234DDB31D54A47800CEBA18 /* AsyncImageLoader.swift in Sources */,
				4234DDB11D54A35D00CEBA18 /* SinglePokemonViewController.swift in Sources */,
				4234DDAB1D54841E00CEBA18 /* PokemonTableCell.swift in Sources */,
				4234DD921D54747100CEBA18 /* RequestKeys.swift in Sources */,
				8EBB942B1D5E1F3B0098B41A /* CommentViewController.swift in Sources */,
				4234DD8A1D5472C100CEBA18 /* Typealiases.swift in Sources */,
				4234DDAF1D548D7E00CEBA18 /* PokemonListViewController.swift in Sources */,
				4234DD871D54720E00CEBA18 /* LocalStorageAdapter.swift in Sources */,
				4234DD981D5474BC00CEBA18 /* User.swift in Sources */,
				8EBB94341D5E35D20098B41A /* PostCommentTableCell.swift in Sources */,
				4234DD8F1D54743800CEBA18 /* UserLoginServerResponseDelegate.swift in Sources */,
				4234DD941D54748300CEBA18 /* Pokemon.swift in Sources */,
				4234DD741D546B7000CEBA18 /* LoginViewController.swift in Sources */,
				4234DD961D5474A800CEBA18 /* PokemonList.swift in Sources */,
				8EBB942F1D5E21840098B41A /* Comment.swift in Sources */,
				4234DD441D5469A900CEBA18 /* AppDelegate.swift in Sources */,
				4234DD9D1D54772B00CEBA18 /* JsonMapBuilder.swift in Sources */,
				8EBB942D1D5E20240098B41A /* CommentTableCell.swift in Sources */,
				4234DD8D1D5473E100CEBA18 /* ServerDelegateProtocols.swift in Sources */,
			);
			runOnlyForDeploymentPostprocessing = 0;
		};
		4234DD501D5469A900CEBA18 /* Sources */ = {
			isa = PBXSourcesBuildPhase;
			buildActionMask = 2147483647;
			files = (
				4234DD591D5469A900CEBA18 /* HomeworkTests.swift in Sources */,
			);
			runOnlyForDeploymentPostprocessing = 0;
		};
		4234DD5B1D5469A900CEBA18 /* Sources */ = {
			isa = PBXSourcesBuildPhase;
			buildActionMask = 2147483647;
			files = (
				4234DD641D5469A900CEBA18 /* HomeworkUITests.swift in Sources */,
			);
			runOnlyForDeploymentPostprocessing = 0;
		};
/* End PBXSourcesBuildPhase section */

/* Begin PBXTargetDependency section */
		4234DD561D5469A900CEBA18 /* PBXTargetDependency */ = {
			isa = PBXTargetDependency;
			target = 4234DD3F1D5469A900CEBA18 /* Homework */;
			targetProxy = 4234DD551D5469A900CEBA18 /* PBXContainerItemProxy */;
		};
		4234DD611D5469A900CEBA18 /* PBXTargetDependency */ = {
			isa = PBXTargetDependency;
			target = 4234DD3F1D5469A900CEBA18 /* Homework */;
			targetProxy = 4234DD601D5469A900CEBA18 /* PBXContainerItemProxy */;
		};
/* End PBXTargetDependency section */

/* Begin PBXVariantGroup section */
		4234DD471D5469A900CEBA18 /* Main.storyboard */ = {
			isa = PBXVariantGroup;
			children = (
				4234DD481D5469A900CEBA18 /* Base */,
			);
			name = Main.storyboard;
			sourceTree = "<group>";
		};
		4234DD4C1D5469A900CEBA18 /* LaunchScreen.storyboard */ = {
			isa = PBXVariantGroup;
			children = (
				4234DD4D1D5469A900CEBA18 /* Base */,
			);
			name = LaunchScreen.storyboard;
			sourceTree = "<group>";
		};
/* End PBXVariantGroup section */

/* Begin XCBuildConfiguration section */
		4234DD661D5469A900CEBA18 /* Debug */ = {
			isa = XCBuildConfiguration;
			buildSettings = {
				ALWAYS_SEARCH_USER_PATHS = NO;
				CLANG_ANALYZER_NONNULL = YES;
				CLANG_CXX_LANGUAGE_STANDARD = "gnu++0x";
				CLANG_CXX_LIBRARY = "libc++";
				CLANG_ENABLE_MODULES = YES;
				CLANG_ENABLE_OBJC_ARC = YES;
				CLANG_WARN_BOOL_CONVERSION = YES;
				CLANG_WARN_CONSTANT_CONVERSION = YES;
				CLANG_WARN_DIRECT_OBJC_ISA_USAGE = YES_ERROR;
				CLANG_WARN_EMPTY_BODY = YES;
				CLANG_WARN_ENUM_CONVERSION = YES;
				CLANG_WARN_INT_CONVERSION = YES;
				CLANG_WARN_OBJC_ROOT_CLASS = YES_ERROR;
				CLANG_WARN_UNREACHABLE_CODE = YES;
				CLANG_WARN__DUPLICATE_METHOD_MATCH = YES;
				"CODE_SIGN_IDENTITY[sdk=iphoneos*]" = "iPhone Developer";
				COPY_PHASE_STRIP = NO;
				DEBUG_INFORMATION_FORMAT = dwarf;
				ENABLE_STRICT_OBJC_MSGSEND = YES;
				ENABLE_TESTABILITY = YES;
				GCC_C_LANGUAGE_STANDARD = gnu99;
				GCC_DYNAMIC_NO_PIC = NO;
				GCC_NO_COMMON_BLOCKS = YES;
				GCC_OPTIMIZATION_LEVEL = 0;
				GCC_PREPROCESSOR_DEFINITIONS = (
					"DEBUG=1",
					"$(inherited)",
				);
				GCC_WARN_64_TO_32_BIT_CONVERSION = YES;
				GCC_WARN_ABOUT_RETURN_TYPE = YES_ERROR;
				GCC_WARN_UNDECLARED_SELECTOR = YES;
				GCC_WARN_UNINITIALIZED_AUTOS = YES_AGGRESSIVE;
				GCC_WARN_UNUSED_FUNCTION = YES;
				GCC_WARN_UNUSED_VARIABLE = YES;
				IPHONEOS_DEPLOYMENT_TARGET = 9.3;
				MTL_ENABLE_DEBUG_INFO = YES;
				ONLY_ACTIVE_ARCH = YES;
				SDKROOT = iphoneos;
				SWIFT_OPTIMIZATION_LEVEL = "-Onone";
			};
			name = Debug;
		};
		4234DD671D5469A900CEBA18 /* Release */ = {
			isa = XCBuildConfiguration;
			buildSettings = {
				ALWAYS_SEARCH_USER_PATHS = NO;
				CLANG_ANALYZER_NONNULL = YES;
				CLANG_CXX_LANGUAGE_STANDARD = "gnu++0x";
				CLANG_CXX_LIBRARY = "libc++";
				CLANG_ENABLE_MODULES = YES;
				CLANG_ENABLE_OBJC_ARC = YES;
				CLANG_WARN_BOOL_CONVERSION = YES;
				CLANG_WARN_CONSTANT_CONVERSION = YES;
				CLANG_WARN_DIRECT_OBJC_ISA_USAGE = YES_ERROR;
				CLANG_WARN_EMPTY_BODY = YES;
				CLANG_WARN_ENUM_CONVERSION = YES;
				CLANG_WARN_INT_CONVERSION = YES;
				CLANG_WARN_OBJC_ROOT_CLASS = YES_ERROR;
				CLANG_WARN_UNREACHABLE_CODE = YES;
				CLANG_WARN__DUPLICATE_METHOD_MATCH = YES;
				"CODE_SIGN_IDENTITY[sdk=iphoneos*]" = "iPhone Developer";
				COPY_PHASE_STRIP = NO;
				DEBUG_INFORMATION_FORMAT = "dwarf-with-dsym";
				ENABLE_NS_ASSERTIONS = NO;
				ENABLE_STRICT_OBJC_MSGSEND = YES;
				GCC_C_LANGUAGE_STANDARD = gnu99;
				GCC_NO_COMMON_BLOCKS = YES;
				GCC_WARN_64_TO_32_BIT_CONVERSION = YES;
				GCC_WARN_ABOUT_RETURN_TYPE = YES_ERROR;
				GCC_WARN_UNDECLARED_SELECTOR = YES;
				GCC_WARN_UNINITIALIZED_AUTOS = YES_AGGRESSIVE;
				GCC_WARN_UNUSED_FUNCTION = YES;
				GCC_WARN_UNUSED_VARIABLE = YES;
				IPHONEOS_DEPLOYMENT_TARGET = 9.3;
				MTL_ENABLE_DEBUG_INFO = NO;
				SDKROOT = iphoneos;
				VALIDATE_PRODUCT = YES;
			};
			name = Release;
		};
		4234DD691D5469A900CEBA18 /* Debug */ = {
			isa = XCBuildConfiguration;
			baseConfigurationReference = C936BF2C91978BD45140DBB0 /* Pods-Homework.debug.xcconfig */;
			buildSettings = {
				ASSETCATALOG_COMPILER_APPICON_NAME = AppIcon;
				CLANG_ENABLE_MODULES = YES;
				INFOPLIST_FILE = Homework/Info.plist;
				LD_RUNPATH_SEARCH_PATHS = "$(inherited) @executable_path/Frameworks";
				PRODUCT_BUNDLE_IDENTIFIER = co.infinum.Homework;
				PRODUCT_NAME = "$(TARGET_NAME)";
				SWIFT_OPTIMIZATION_LEVEL = "-Onone";
			};
			name = Debug;
		};
		4234DD6A1D5469A900CEBA18 /* Release */ = {
			isa = XCBuildConfiguration;
			baseConfigurationReference = B24D32D3AC143C6C3664D8E9 /* Pods-Homework.release.xcconfig */;
			buildSettings = {
				ASSETCATALOG_COMPILER_APPICON_NAME = AppIcon;
				CLANG_ENABLE_MODULES = YES;
				INFOPLIST_FILE = Homework/Info.plist;
				LD_RUNPATH_SEARCH_PATHS = "$(inherited) @executable_path/Frameworks";
				PRODUCT_BUNDLE_IDENTIFIER = co.infinum.Homework;
				PRODUCT_NAME = "$(TARGET_NAME)";
			};
			name = Release;
		};
		4234DD6C1D5469A900CEBA18 /* Debug */ = {
			isa = XCBuildConfiguration;
			baseConfigurationReference = E2317D95632F5F6C5D06AD54 /* Pods-HomeworkTests.debug.xcconfig */;
			buildSettings = {
				BUNDLE_LOADER = "$(TEST_HOST)";
				INFOPLIST_FILE = HomeworkTests/Info.plist;
				LD_RUNPATH_SEARCH_PATHS = "$(inherited) @executable_path/Frameworks @loader_path/Frameworks";
				PRODUCT_BUNDLE_IDENTIFIER = co.infinum.HomeworkTests;
				PRODUCT_NAME = "$(TARGET_NAME)";
				TEST_HOST = "$(BUILT_PRODUCTS_DIR)/Homework.app/Homework";
			};
			name = Debug;
		};
		4234DD6D1D5469A900CEBA18 /* Release */ = {
			isa = XCBuildConfiguration;
			baseConfigurationReference = BB2BB73FEB52175A0A90E7FC /* Pods-HomeworkTests.release.xcconfig */;
			buildSettings = {
				BUNDLE_LOADER = "$(TEST_HOST)";
				INFOPLIST_FILE = HomeworkTests/Info.plist;
				LD_RUNPATH_SEARCH_PATHS = "$(inherited) @executable_path/Frameworks @loader_path/Frameworks";
				PRODUCT_BUNDLE_IDENTIFIER = co.infinum.HomeworkTests;
				PRODUCT_NAME = "$(TARGET_NAME)";
				TEST_HOST = "$(BUILT_PRODUCTS_DIR)/Homework.app/Homework";
			};
			name = Release;
		};
		4234DD6F1D5469A900CEBA18 /* Debug */ = {
			isa = XCBuildConfiguration;
			baseConfigurationReference = E2741D949C746680ECC1CBCB /* Pods-HomeworkUITests.debug.xcconfig */;
			buildSettings = {
				INFOPLIST_FILE = HomeworkUITests/Info.plist;
				LD_RUNPATH_SEARCH_PATHS = "$(inherited) @executable_path/Frameworks @loader_path/Frameworks";
				PRODUCT_BUNDLE_IDENTIFIER = co.infinum.HomeworkUITests;
				PRODUCT_NAME = "$(TARGET_NAME)";
				TEST_TARGET_NAME = Homework;
			};
			name = Debug;
		};
		4234DD701D5469A900CEBA18 /* Release */ = {
			isa = XCBuildConfiguration;
			baseConfigurationReference = CDC67AB05B712D4D51CBB25E /* Pods-HomeworkUITests.release.xcconfig */;
			buildSettings = {
				INFOPLIST_FILE = HomeworkUITests/Info.plist;
				LD_RUNPATH_SEARCH_PATHS = "$(inherited) @executable_path/Frameworks @loader_path/Frameworks";
				PRODUCT_BUNDLE_IDENTIFIER = co.infinum.HomeworkUITests;
				PRODUCT_NAME = "$(TARGET_NAME)";
				TEST_TARGET_NAME = Homework;
			};
			name = Release;
		};
/* End XCBuildConfiguration section */

/* Begin XCConfigurationList section */
		4234DD3B1D5469A900CEBA18 /* Build configuration list for PBXProject "Homework" */ = {
			isa = XCConfigurationList;
			buildConfigurations = (
				4234DD661D5469A900CEBA18 /* Debug */,
				4234DD671D5469A900CEBA18 /* Release */,
			);
			defaultConfigurationIsVisible = 0;
			defaultConfigurationName = Release;
		};
		4234DD681D5469A900CEBA18 /* Build configuration list for PBXNativeTarget "Homework" */ = {
			isa = XCConfigurationList;
			buildConfigurations = (
				4234DD691D5469A900CEBA18 /* Debug */,
				4234DD6A1D5469A900CEBA18 /* Release */,
			);
			defaultConfigurationIsVisible = 0;
			defaultConfigurationName = Release;
		};
		4234DD6B1D5469A900CEBA18 /* Build configuration list for PBXNativeTarget "HomeworkTests" */ = {
			isa = XCConfigurationList;
			buildConfigurations = (
				4234DD6C1D5469A900CEBA18 /* Debug */,
				4234DD6D1D5469A900CEBA18 /* Release */,
			);
			defaultConfigurationIsVisible = 0;
			defaultConfigurationName = Release;
		};
		4234DD6E1D5469A900CEBA18 /* Build configuration list for PBXNativeTarget "HomeworkUITests" */ = {
			isa = XCConfigurationList;
			buildConfigurations = (
				4234DD6F1D5469A900CEBA18 /* Debug */,
				4234DD701D5469A900CEBA18 /* Release */,
			);
			defaultConfigurationIsVisible = 0;
			defaultConfigurationName = Release;
		};
/* End XCConfigurationList section */
	};
	rootObject = 4234DD381D5469A900CEBA18 /* Project object */;
}
